%{"ex_statsd": {:hex, :ex_statsd, "0.5.3", "e86dd97e25dbc80786e7d22b3c5537f2052a7e12daaaa7e6f2b9c34d03dbbd44", [], [], "hexpm"},
  "mime": {:hex, :mime, "1.1.0", "01c1d6f4083d8aa5c7b8c246ade95139620ef8effb009edde934e0ec3b28090a", [], [], "hexpm"},
  "plug": {:hex, :plug, "1.4.3", "236d77ce7bf3e3a2668dc0d32a9b6f1f9b1f05361019946aae49874904be4aed", [:mix], [{:cowboy, "~> 1.0.1 or ~> 1.1", [hex: :cowboy, repo: "hexpm", optional: true]}, {:mime, "~> 1.0", [hex: :mime, repo: "hexpm", optional: false]}], "hexpm"},
  "statsderl": {:git, "https://github.com/lpgauth/statsderl.git", "9265c3d485dd80d3124082d53bbd41678822ec30", []}}
